// !$*UTF8*$!
{
	archiveVersion = 1;
	classes = {
	};
	objectVersion = 56;
	objects = {

/* Begin PBXBuildFile section */
		AF7C14672C19D88A00029379 /* FrameworksApp.swift in Sources */ = {isa = PBXBuildFile; fileRef = AF7C14662C19D88A00029379 /* FrameworksApp.swift */; };
		AF7C146B2C19D88C00029379 /* Assets.xcassets in Resources */ = {isa = PBXBuildFile; fileRef = AF7C146A2C19D88C00029379 /* Assets.xcassets */; };
		AF7C146E2C19D88C00029379 /* Preview Assets.xcassets in Resources */ = {isa = PBXBuildFile; fileRef = AF7C146D2C19D88C00029379 /* Preview Assets.xcassets */; };
		AF7C14752C19DA0100029379 /* Framework.swift in Sources */ = {isa = PBXBuildFile; fileRef = AF7C14742C19DA0100029379 /* Framework.swift */; };
		AF7C14772C19E0D800029379 /* FrameworkGridView.swift in Sources */ = {isa = PBXBuildFile; fileRef = AF7C14762C19E0D800029379 /* FrameworkGridView.swift */; };
		AF7C14792C1DF24900029379 /* FrameworkDetailView.swift in Sources */ = {isa = PBXBuildFile; fileRef = AF7C14782C1DF24900029379 /* FrameworkDetailView.swift */; };
		AF7C147B2C2AA69D00029379 /* AFButton.swift in Sources */ = {isa = PBXBuildFile; fileRef = AF7C147A2C2AA69D00029379 /* AFButton.swift */; };
		AF7C147D2C2AB5C900029379 /* FrameworkGridViewModel.swift in Sources */ = {isa = PBXBuildFile; fileRef = AF7C147C2C2AB5C900029379 /* FrameworkGridViewModel.swift */; };
		AF7C147F2C2ABD9700029379 /* SafariView.swift in Sources */ = {isa = PBXBuildFile; fileRef = AF7C147E2C2ABD9700029379 /* SafariView.swift */; };
		AF7C14812C2AE54100029379 /* FrameworkTitleView.swift in Sources */ = {isa = PBXBuildFile; fileRef = AF7C14802C2AE54100029379 /* FrameworkTitleView.swift */; };
		AF7C14832C2AE60500029379 /* XDismissButton.swift in Sources */ = {isa = PBXBuildFile; fileRef = AF7C14822C2AE60500029379 /* XDismissButton.swift */; };
/* End PBXBuildFile section */

/* Begin PBXFileReference section */
		AF7C14632C19D88A00029379 /* FrameworksApp.app */ = {isa = PBXFileReference; explicitFileType = wrapper.application; includeInIndex = 0; path = FrameworksApp.app; sourceTree = BUILT_PRODUCTS_DIR; };
		AF7C14662C19D88A00029379 /* FrameworksApp.swift */ = {isa = PBXFileReference; lastKnownFileType = sourcecode.swift; path = FrameworksApp.swift; sourceTree = "<group>"; };
		AF7C146A2C19D88C00029379 /* Assets.xcassets */ = {isa = PBXFileReference; lastKnownFileType = folder.assetcatalog; path = Assets.xcassets; sourceTree = "<group>"; };
		AF7C146D2C19D88C00029379 /* Preview Assets.xcassets */ = {isa = PBXFileReference; lastKnownFileType = folder.assetcatalog; path = "Preview Assets.xcassets"; sourceTree = "<group>"; };
		AF7C14742C19DA0100029379 /* Framework.swift */ = {isa = PBXFileReference; lastKnownFileType = sourcecode.swift; path = Framework.swift; sourceTree = "<group>"; };
		AF7C14762C19E0D800029379 /* FrameworkGridView.swift */ = {isa = PBXFileReference; lastKnownFileType = sourcecode.swift; path = FrameworkGridView.swift; sourceTree = "<group>"; };
		AF7C14782C1DF24900029379 /* FrameworkDetailView.swift */ = {isa = PBXFileReference; lastKnownFileType = sourcecode.swift; path = FrameworkDetailView.swift; sourceTree = "<group>"; };
		AF7C147A2C2AA69D00029379 /* AFButton.swift */ = {isa = PBXFileReference; lastKnownFileType = sourcecode.swift; path = AFButton.swift; sourceTree = "<group>"; };
		AF7C147C2C2AB5C900029379 /* FrameworkGridViewModel.swift */ = {isa = PBXFileReference; lastKnownFileType = sourcecode.swift; path = FrameworkGridViewModel.swift; sourceTree = "<group>"; };
		AF7C147E2C2ABD9700029379 /* SafariView.swift */ = {isa = PBXFileReference; lastKnownFileType = sourcecode.swift; path = SafariView.swift; sourceTree = "<group>"; };
		AF7C14802C2AE54100029379 /* FrameworkTitleView.swift */ = {isa = PBXFileReference; lastKnownFileType = sourcecode.swift; path = FrameworkTitleView.swift; sourceTree = "<group>"; };
		AF7C14822C2AE60500029379 /* XDismissButton.swift */ = {isa = PBXFileReference; lastKnownFileType = sourcecode.swift; path = XDismissButton.swift; sourceTree = "<group>"; };
/* End PBXFileReference section */

/* Begin PBXFrameworksBuildPhase section */
		AF7C14602C19D88A00029379 /* Frameworks */ = {
			isa = PBXFrameworksBuildPhase;
			buildActionMask = 2147483647;
			files = (
			);
			runOnlyForDeploymentPostprocessing = 0;
		};
/* End PBXFrameworksBuildPhase section */

/* Begin PBXGroup section */
		AF7C145A2C19D88A00029379 = {
			isa = PBXGroup;
			children = (
				AF7C14652C19D88A00029379 /* FrameworksApp */,
				AF7C14642C19D88A00029379 /* Products */,
			);
			sourceTree = "<group>";
		};
		AF7C14642C19D88A00029379 /* Products */ = {
			isa = PBXGroup;
			children = (
				AF7C14632C19D88A00029379 /* FrameworksApp.app */,
			);
			name = Products;
			sourceTree = "<group>";
		};
		AF7C14652C19D88A00029379 /* FrameworksApp */ = {
			isa = PBXGroup;
			children = (
				AF7C148B2C2AE86800029379 /* UIKit Components */,
				AF7C14882C2AE81800029379 /* Views */,
				AF7C14872C2AE7EE00029379 /* Model */,
				AF7C14842C2AE78100029379 /* Screens */,
				AF7C14662C19D88A00029379 /* FrameworksApp.swift */,
				AF7C146A2C19D88C00029379 /* Assets.xcassets */,
				AF7C146C2C19D88C00029379 /* Preview Content */,
			);
			path = FrameworksApp;
			sourceTree = "<group>";
		};
		AF7C146C2C19D88C00029379 /* Preview Content */ = {
			isa = PBXGroup;
			children = (
				AF7C146D2C19D88C00029379 /* Preview Assets.xcassets */,
			);
			path = "Preview Content";
			sourceTree = "<group>";
		};
		AF7C14842C2AE78100029379 /* Screens */ = {
			isa = PBXGroup;
			children = (
				AF7C14852C2AE78800029379 /* FrameworkGridView */,
				AF7C14862C2AE7B900029379 /* FrameworkDetailView */,
			);
			path = Screens;
			sourceTree = "<group>";
		};
		AF7C14852C2AE78800029379 /* FrameworkGridView */ = {
			isa = PBXGroup;
			children = (
				AF7C14762C19E0D800029379 /* FrameworkGridView.swift */,
				AF7C147C2C2AB5C900029379 /* FrameworkGridViewModel.swift */,
			);
			path = FrameworkGridView;
			sourceTree = "<group>";
		};
		AF7C14862C2AE7B900029379 /* FrameworkDetailView */ = {
			isa = PBXGroup;
			children = (
				AF7C14782C1DF24900029379 /* FrameworkDetailView.swift */,
			);
			path = FrameworkDetailView;
			sourceTree = "<group>";
		};
		AF7C14872C2AE7EE00029379 /* Model */ = {
			isa = PBXGroup;
			children = (
				AF7C14742C19DA0100029379 /* Framework.swift */,
			);
			path = Model;
			sourceTree = "<group>";
		};
		AF7C14882C2AE81800029379 /* Views */ = {
			isa = PBXGroup;
			children = (
				AF7C148A2C2AE84C00029379 /* View */,
				AF7C14892C2AE82700029379 /* Buttons */,
			);
			path = Views;
			sourceTree = "<group>";
		};
		AF7C14892C2AE82700029379 /* Buttons */ = {
			isa = PBXGroup;
			children = (
				AF7C147A2C2AA69D00029379 /* AFButton.swift */,
				AF7C14822C2AE60500029379 /* XDismissButton.swift */,
			);
			path = Buttons;
			sourceTree = "<group>";
		};
		AF7C148A2C2AE84C00029379 /* View */ = {
			isa = PBXGroup;
			children = (
				AF7C14802C2AE54100029379 /* FrameworkTitleView.swift */,
			);
			path = View;
			sourceTree = "<group>";
		};
		AF7C148B2C2AE86800029379 /* UIKit Components */ = {
			isa = PBXGroup;
			children = (
				AF7C147E2C2ABD9700029379 /* SafariView.swift */,
			);
			path = "UIKit Components";
			sourceTree = "<group>";
		};
/* End PBXGroup section */

/* Begin PBXNativeTarget section */
		AF7C14622C19D88A00029379 /* FrameworksApp */ = {
			isa = PBXNativeTarget;
			buildConfigurationList = AF7C14712C19D88C00029379 /* Build configuration list for PBXNativeTarget "FrameworksApp" */;
			buildPhases = (
				AF7C145F2C19D88A00029379 /* Sources */,
				AF7C14602C19D88A00029379 /* Frameworks */,
				AF7C14612C19D88A00029379 /* Resources */,
			);
			buildRules = (
			);
			dependencies = (
			);
			name = FrameworksApp;
			productName = FrameworksApp;
			productReference = AF7C14632C19D88A00029379 /* FrameworksApp.app */;
			productType = "com.apple.product-type.application";
		};
/* End PBXNativeTarget section */

/* Begin PBXProject section */
		AF7C145B2C19D88A00029379 /* Project object */ = {
			isa = PBXProject;
			attributes = {
				BuildIndependentTargetsInParallel = 1;
				LastSwiftUpdateCheck = 1520;
				LastUpgradeCheck = 1520;
				TargetAttributes = {
					AF7C14622C19D88A00029379 = {
						CreatedOnToolsVersion = 15.2;
					};
				};
			};
			buildConfigurationList = AF7C145E2C19D88A00029379 /* Build configuration list for PBXProject "FrameworksApp" */;
			compatibilityVersion = "Xcode 14.0";
			developmentRegion = en;
			hasScannedForEncodings = 0;
			knownRegions = (
				en,
				Base,
			);
			mainGroup = AF7C145A2C19D88A00029379;
			productRefGroup = AF7C14642C19D88A00029379 /* Products */;
			projectDirPath = "";
			projectRoot = "";
			targets = (
				AF7C14622C19D88A00029379 /* FrameworksApp */,
			);
		};
/* End PBXProject section */

/* Begin PBXResourcesBuildPhase section */
		AF7C14612C19D88A00029379 /* Resources */ = {
			isa = PBXResourcesBuildPhase;
			buildActionMask = 2147483647;
			files = (
				AF7C146E2C19D88C00029379 /* Preview Assets.xcassets in Resources */,
				AF7C146B2C19D88C00029379 /* Assets.xcassets in Resources */,
			);
			runOnlyForDeploymentPostprocessing = 0;
		};
/* End PBXResourcesBuildPhase section */

/* Begin PBXSourcesBuildPhase section */
		AF7C145F2C19D88A00029379 /* Sources */ = {
			isa = PBXSourcesBuildPhase;
			buildActionMask = 2147483647;
			files = (
				AF7C14792C1DF24900029379 /* FrameworkDetailView.swift in Sources */,
				AF7C14772C19E0D800029379 /* FrameworkGridView.swift in Sources */,
				AF7C14832C2AE60500029379 /* XDismissButton.swift in Sources */,
				AF7C14752C19DA0100029379 /* Framework.swift in Sources */,
				AF7C147F2C2ABD9700029379 /* SafariView.swift in Sources */,
				AF7C147B2C2AA69D00029379 /* AFButton.swift in Sources */,
				AF7C147D2C2AB5C900029379 /* FrameworkGridViewModel.swift in Sources */,
				AF7C14812C2AE54100029379 /* FrameworkTitleView.swift in Sources */,
				AF7C14672C19D88A00029379 /* FrameworksApp.swift in Sources */,
			);
			runOnlyForDeploymentPostprocessing = 0;
		};
/* End PBXSourcesBuildPhase section */

/* Begin XCBuildConfiguration section */
		AF7C146F2C19D88C00029379 /* Debug */ = {
			isa = XCBuildConfiguration;
			buildSettings = {
				ALWAYS_SEARCH_USER_PATHS = NO;
				ASSETCATALOG_COMPILER_GENERATE_SWIFT_ASSET_SYMBOL_EXTENSIONS = YES;
				CLANG_ANALYZER_NONNULL = YES;
				CLANG_ANALYZER_NUMBER_OBJECT_CONVERSION = YES_AGGRESSIVE;
				CLANG_CXX_LANGUAGE_STANDARD = "gnu++20";
				CLANG_ENABLE_MODULES = YES;
				CLANG_ENABLE_OBJC_ARC = YES;
				CLANG_ENABLE_OBJC_WEAK = YES;
				CLANG_WARN_BLOCK_CAPTURE_AUTORELEASING = YES;
				CLANG_WARN_BOOL_CONVERSION = YES;
				CLANG_WARN_COMMA = YES;
				CLANG_WARN_CONSTANT_CONVERSION = YES;
				CLANG_WARN_DEPRECATED_OBJC_IMPLEMENTATIONS = YES;
				CLANG_WARN_DIRECT_OBJC_ISA_USAGE = YES_ERROR;
				CLANG_WARN_DOCUMENTATION_COMMENTS = YES;
				CLANG_WARN_EMPTY_BODY = YES;
				CLANG_WARN_ENUM_CONVERSION = YES;
				CLANG_WARN_INFINITE_RECURSION = YES;
				CLANG_WARN_INT_CONVERSION = YES;
				CLANG_WARN_NON_LITERAL_NULL_CONVERSION = YES;
				CLANG_WARN_OBJC_IMPLICIT_RETAIN_SELF = YES;
				CLANG_WARN_OBJC_LITERAL_CONVERSION = YES;
				CLANG_WARN_OBJC_ROOT_CLASS = YES_ERROR;
				CLANG_WARN_QUOTED_INCLUDE_IN_FRAMEWORK_HEADER = YES;
				CLANG_WARN_RANGE_LOOP_ANALYSIS = YES;
				CLANG_WARN_STRICT_PROTOTYPES = YES;
				CLANG_WARN_SUSPICIOUS_MOVE = YES;
				CLANG_WARN_UNGUARDED_AVAILABILITY = YES_AGGRESSIVE;
				CLANG_WARN_UNREACHABLE_CODE = YES;
				CLANG_WARN__DUPLICATE_METHOD_MATCH = YES;
				COPY_PHASE_STRIP = NO;
				DEBUG_INFORMATION_FORMAT = dwarf;
				ENABLE_STRICT_OBJC_MSGSEND = YES;
				ENABLE_TESTABILITY = YES;
				ENABLE_USER_SCRIPT_SANDBOXING = YES;
				GCC_C_LANGUAGE_STANDARD = gnu17;
				GCC_DYNAMIC_NO_PIC = NO;
				GCC_NO_COMMON_BLOCKS = YES;
				GCC_OPTIMIZATION_LEVEL = 0;
				GCC_PREPROCESSOR_DEFINITIONS = (
					"DEBUG=1",
					"$(inherited)",
				);
				GCC_WARN_64_TO_32_BIT_CONVERSION = YES;
				GCC_WARN_ABOUT_RETURN_TYPE = YES_ERROR;
				GCC_WARN_UNDECLARED_SELECTOR = YES;
				GCC_WARN_UNINITIALIZED_AUTOS = YES_AGGRESSIVE;
				GCC_WARN_UNUSED_FUNCTION = YES;
				GCC_WARN_UNUSED_VARIABLE = YES;
				IPHONEOS_DEPLOYMENT_TARGET = 17.2;
				LOCALIZATION_PREFERS_STRING_CATALOGS = YES;
				MTL_ENABLE_DEBUG_INFO = INCLUDE_SOURCE;
				MTL_FAST_MATH = YES;
				ONLY_ACTIVE_ARCH = YES;
				SDKROOT = iphoneos;
				SWIFT_ACTIVE_COMPILATION_CONDITIONS = "DEBUG $(inherited)";
				SWIFT_OPTIMIZATION_LEVEL = "-Onone";
			};
			name = Debug;
		};
		AF7C14702C19D88C00029379 /* Release */ = {
			isa = XCBuildConfiguration;
			buildSettings = {
				ALWAYS_SEARCH_USER_PATHS = NO;
				ASSETCATALOG_COMPILER_GENERATE_SWIFT_ASSET_SYMBOL_EXTENSIONS = YES;
				CLANG_ANALYZER_NONNULL = YES;
				CLANG_ANALYZER_NUMBER_OBJECT_CONVERSION = YES_AGGRESSIVE;
				CLANG_CXX_LANGUAGE_STANDARD = "gnu++20";
				CLANG_ENABLE_MODULES = YES;
				CLANG_ENABLE_OBJC_ARC = YES;
				CLANG_ENABLE_OBJC_WEAK = YES;
				CLANG_WARN_BLOCK_CAPTURE_AUTORELEASING = YES;
				CLANG_WARN_BOOL_CONVERSION = YES;
				CLANG_WARN_COMMA = YES;
				CLANG_WARN_CONSTANT_CONVERSION = YES;
				CLANG_WARN_DEPRECATED_OBJC_IMPLEMENTATIONS = YES;
				CLANG_WARN_DIRECT_OBJC_ISA_USAGE = YES_ERROR;
				CLANG_WARN_DOCUMENTATION_COMMENTS = YES;
				CLANG_WARN_EMPTY_BODY = YES;
				CLANG_WARN_ENUM_CONVERSION = YES;
				CLANG_WARN_INFINITE_RECURSION = YES;
				CLANG_WARN_INT_CONVERSION = YES;
				CLANG_WARN_NON_LITERAL_NULL_CONVERSION = YES;
				CLANG_WARN_OBJC_IMPLICIT_RETAIN_SELF = YES;
				CLANG_WARN_OBJC_LITERAL_CONVERSION = YES;
				CLANG_WARN_OBJC_ROOT_CLASS = YES_ERROR;
				CLANG_WARN_QUOTED_INCLUDE_IN_FRAMEWORK_HEADER = YES;
				CLANG_WARN_RANGE_LOOP_ANALYSIS = YES;
				CLANG_WARN_STRICT_PROTOTYPES = YES;
				CLANG_WARN_SUSPICIOUS_MOVE = YES;
				CLANG_WARN_UNGUARDED_AVAILABILITY = YES_AGGRESSIVE;
				CLANG_WARN_UNREACHABLE_CODE = YES;
				CLANG_WARN__DUPLICATE_METHOD_MATCH = YES;
				COPY_PHASE_STRIP = NO;
				DEBUG_INFORMATION_FORMAT = "dwarf-with-dsym";
				ENABLE_NS_ASSERTIONS = NO;
				ENABLE_STRICT_OBJC_MSGSEND = YES;
				ENABLE_USER_SCRIPT_SANDBOXING = YES;
				GCC_C_LANGUAGE_STANDARD = gnu17;
				GCC_NO_COMMON_BLOCKS = YES;
				GCC_WARN_64_TO_32_BIT_CONVERSION = YES;
				GCC_WARN_ABOUT_RETURN_TYPE = YES_ERROR;
				GCC_WARN_UNDECLARED_SELECTOR = YES;
				GCC_WARN_UNINITIALIZED_AUTOS = YES_AGGRESSIVE;
				GCC_WARN_UNUSED_FUNCTION = YES;
				GCC_WARN_UNUSED_VARIABLE = YES;
				IPHONEOS_DEPLOYMENT_TARGET = 17.2;
				LOCALIZATION_PREFERS_STRING_CATALOGS = YES;
				MTL_ENABLE_DEBUG_INFO = NO;
				MTL_FAST_MATH = YES;
				SDKROOT = iphoneos;
				SWIFT_COMPILATION_MODE = wholemodule;
				VALIDATE_PRODUCT = YES;
			};
			name = Release;
		};
		AF7C14722C19D88C00029379 /* Debug */ = {
			isa = XCBuildConfiguration;
			buildSettings = {
				ASSETCATALOG_COMPILER_APPICON_NAME = AppIcon;
				ASSETCATALOG_COMPILER_GLOBAL_ACCENT_COLOR_NAME = AccentColor;
				CODE_SIGN_STYLE = Automatic;
				CURRENT_PROJECT_VERSION = 1;
				DEVELOPMENT_ASSET_PATHS = "\"FrameworksApp/Preview Content\"";
				ENABLE_PREVIEWS = YES;
				GENERATE_INFOPLIST_FILE = YES;
				INFOPLIST_KEY_UIApplicationSceneManifest_Generation = YES;
				INFOPLIST_KEY_UIApplicationSupportsIndirectInputEvents = YES;
				INFOPLIST_KEY_UILaunchScreen_Generation = YES;
				INFOPLIST_KEY_UISupportedInterfaceOrientations_iPad = "UIInterfaceOrientationPortrait UIInterfaceOrientationPortraitUpsideDown UIInterfaceOrientationLandscapeLeft UIInterfaceOrientationLandscapeRight";
				INFOPLIST_KEY_UISupportedInterfaceOrientations_iPhone = "UIInterfaceOrientationPortrait UIInterfaceOrientationLandscapeLeft UIInterfaceOrientationLandscapeRight";
				IPHONEOS_DEPLOYMENT_TARGET = 17.0;
				LD_RUNPATH_SEARCH_PATHS = (
					"$(inherited)",
					"@executable_path/Frameworks",
				);
				MARKETING_VERSION = 1.0;
				PRODUCT_BUNDLE_IDENTIFIER = sedatbarlin.FrameworksApp;
				PRODUCT_NAME = "$(TARGET_NAME)";
				SWIFT_EMIT_LOC_STRINGS = YES;
				SWIFT_VERSION = 5.0;
				TARGETED_DEVICE_FAMILY = "1,2";
			};
			name = Debug;
		};
		AF7C14732C19D88C00029379 /* Release */ = {
			isa = XCBuildConfiguration;
			buildSettings = {
				ASSETCATALOG_COMPILER_APPICON_NAME = AppIcon;
				ASSETCATALOG_COMPILER_GLOBAL_ACCENT_COLOR_NAME = AccentColor;
				CODE_SIGN_STYLE = Automatic;
				CURRENT_PROJECT_VERSION = 1;
				DEVELOPMENT_ASSET_PATHS = "\"FrameworksApp/Preview Content\"";
				ENABLE_PREVIEWS = YES;
				GENERATE_INFOPLIST_FILE = YES;
				INFOPLIST_KEY_UIApplicationSceneManifest_Generation = YES;
				INFOPLIST_KEY_UIApplicationSupportsIndirectInputEvents = YES;
				INFOPLIST_KEY_UILaunchScreen_Generation = YES;
				INFOPLIST_KEY_UISupportedInterfaceOrientations_iPad = "UIInterfaceOrientationPortrait UIInterfaceOrientationPortraitUpsideDown UIInterfaceOrientationLandscapeLeft UIInterfaceOrientationLandscapeRight";
				INFOPLIST_KEY_UISupportedInterfaceOrientations_iPhone = "UIInterfaceOrientationPortrait UIInterfaceOrientationLandscapeLeft UIInterfaceOrientationLandscapeRight";
				IPHONEOS_DEPLOYMENT_TARGET = 17.0;
				LD_RUNPATH_SEARCH_PATHS = (
					"$(inherited)",
					"@executable_path/Frameworks",
				);
				MARKETING_VERSION = 1.0;
				PRODUCT_BUNDLE_IDENTIFIER = sedatbarlin.FrameworksApp;
				PRODUCT_NAME = "$(TARGET_NAME)";
				SWIFT_EMIT_LOC_STRINGS = YES;
				SWIFT_VERSION = 5.0;
				TARGETED_DEVICE_FAMILY = "1,2";
			};
			name = Release;
		};
/* End XCBuildConfiguration section */

/* Begin XCConfigurationList section */
		AF7C145E2C19D88A00029379 /* Build configuration list for PBXProject "FrameworksApp" */ = {
			isa = XCConfigurationList;
			buildConfigurations = (
				AF7C146F2C19D88C00029379 /* Debug */,
				AF7C14702C19D88C00029379 /* Release */,
			);
			defaultConfigurationIsVisible = 0;
			defaultConfigurationName = Release;
		};
		AF7C14712C19D88C00029379 /* Build configuration list for PBXNativeTarget "FrameworksApp" */ = {
			isa = XCConfigurationList;
			buildConfigurations = (
				AF7C14722C19D88C00029379 /* Debug */,
				AF7C14732C19D88C00029379 /* Release */,
			);
			defaultConfigurationIsVisible = 0;
			defaultConfigurationName = Release;
		};
/* End XCConfigurationList section */
	};
	rootObject = AF7C145B2C19D88A00029379 /* Project object */;
}
